// !$*UTF8*$!
{
	archiveVersion = 1;
	classes = {
	};
	objectVersion = 46;
	objects = {

/* Begin PBXBuildFile section */
		653EC2D7188C25EE00634B44 /* F1NavigationController.m in Sources */ = {isa = PBXBuildFile; fileRef = 653EC2D6188C25EE00634B44 /* F1NavigationController.m */; };
		65EE954D18886B2100FE946D /* Foundation.framework in Frameworks */ = {isa = PBXBuildFile; fileRef = 65EE954C18886B2100FE946D /* Foundation.framework */; };
		65EE954F18886B2100FE946D /* CoreGraphics.framework in Frameworks */ = {isa = PBXBuildFile; fileRef = 65EE954E18886B2100FE946D /* CoreGraphics.framework */; };
		65EE955118886B2100FE946D /* UIKit.framework in Frameworks */ = {isa = PBXBuildFile; fileRef = 65EE955018886B2100FE946D /* UIKit.framework */; };
		65EE955718886B2100FE946D /* InfoPlist.strings in Resources */ = {isa = PBXBuildFile; fileRef = 65EE955518886B2100FE946D /* InfoPlist.strings */; };
		65EE955918886B2100FE946D /* main.m in Sources */ = {isa = PBXBuildFile; fileRef = 65EE955818886B2100FE946D /* main.m */; };
		65EE955D18886B2100FE946D /* F1AppDelegate.m in Sources */ = {isa = PBXBuildFile; fileRef = 65EE955C18886B2100FE946D /* F1AppDelegate.m */; };
		65EE956018886B2100FE946D /* Main_iPhone.storyboard in Resources */ = {isa = PBXBuildFile; fileRef = 65EE955E18886B2100FE946D /* Main_iPhone.storyboard */; };
		65EE956318886B2100FE946D /* Main_iPad.storyboard in Resources */ = {isa = PBXBuildFile; fileRef = 65EE956118886B2100FE946D /* Main_iPad.storyboard */; };
		65EE956618886B2100FE946D /* F1ViewController.m in Sources */ = {isa = PBXBuildFile; fileRef = 65EE956518886B2100FE946D /* F1ViewController.m */; };
		65EE956818886B2100FE946D /* Images.xcassets in Resources */ = {isa = PBXBuildFile; fileRef = 65EE956718886B2100FE946D /* Images.xcassets */; };
		65EE956F18886B2100FE946D /* XCTest.framework in Frameworks */ = {isa = PBXBuildFile; fileRef = 65EE956E18886B2100FE946D /* XCTest.framework */; };
		65EE957018886B2100FE946D /* Foundation.framework in Frameworks */ = {isa = PBXBuildFile; fileRef = 65EE954C18886B2100FE946D /* Foundation.framework */; };
		65EE957118886B2100FE946D /* UIKit.framework in Frameworks */ = {isa = PBXBuildFile; fileRef = 65EE955018886B2100FE946D /* UIKit.framework */; };
		65EE957918886B2100FE946D /* InfoPlist.strings in Resources */ = {isa = PBXBuildFile; fileRef = 65EE957718886B2100FE946D /* InfoPlist.strings */; };
		65EE957B18886B2100FE946D /* Formule1Tests.m in Sources */ = {isa = PBXBuildFile; fileRef = 65EE957A18886B2100FE946D /* Formule1Tests.m */; };
		65EE958718886C7F00FE946D /* F1SplacheScreen.m in Sources */ = {isa = PBXBuildFile; fileRef = 65EE958618886C7F00FE946D /* F1SplacheScreen.m */; };
		65EE958B1888756600FE946D /* logoF1.jpg in Resources */ = {isa = PBXBuildFile; fileRef = 65EE958A1888756600FE946D /* logoF1.jpg */; };
		65EE958E1889070000FE946D /* F1HomeDashBoardViewController.m in Sources */ = {isa = PBXBuildFile; fileRef = 65EE958D1889070000FE946D /* F1HomeDashBoardViewController.m */; };
/* End PBXBuildFile section */

/* Begin PBXContainerItemProxy section */
		65EE957218886B2100FE946D /* PBXContainerItemProxy */ = {
			isa = PBXContainerItemProxy;
			containerPortal = 65EE954118886B2100FE946D /* Project object */;
			proxyType = 1;
			remoteGlobalIDString = 65EE954818886B2100FE946D;
			remoteInfo = Formule1;
		};
/* End PBXContainerItemProxy section */

/* Begin PBXFileReference section */
		653EC2D5188C25EE00634B44 /* F1NavigationController.h */ = {isa = PBXFileReference; fileEncoding = 4; lastKnownFileType = sourcecode.c.h; path = F1NavigationController.h; sourceTree = "<group>"; };
		653EC2D6188C25EE00634B44 /* F1NavigationController.m */ = {isa = PBXFileReference; fileEncoding = 4; lastKnownFileType = sourcecode.c.objc; path = F1NavigationController.m; sourceTree = "<group>"; };
		653EC2D9188C285200634B44 /* F1Constant.h */ = {isa = PBXFileReference; lastKnownFileType = sourcecode.c.h; path = F1Constant.h; sourceTree = "<group>"; };
		65EE954918886B2100FE946D /* Formule1.app */ = {isa = PBXFileReference; explicitFileType = wrapper.application; includeInIndex = 0; path = Formule1.app; sourceTree = BUILT_PRODUCTS_DIR; };
		65EE954C18886B2100FE946D /* Foundation.framework */ = {isa = PBXFileReference; lastKnownFileType = wrapper.framework; name = Foundation.framework; path = System/Library/Frameworks/Foundation.framework; sourceTree = SDKROOT; };
		65EE954E18886B2100FE946D /* CoreGraphics.framework */ = {isa = PBXFileReference; lastKnownFileType = wrapper.framework; name = CoreGraphics.framework; path = System/Library/Frameworks/CoreGraphics.framework; sourceTree = SDKROOT; };
		65EE955018886B2100FE946D /* UIKit.framework */ = {isa = PBXFileReference; lastKnownFileType = wrapper.framework; name = UIKit.framework; path = System/Library/Frameworks/UIKit.framework; sourceTree = SDKROOT; };
		65EE955418886B2100FE946D /* Formule1-Info.plist */ = {isa = PBXFileReference; lastKnownFileType = text.plist.xml; path = "Formule1-Info.plist"; sourceTree = "<group>"; };
		65EE955618886B2100FE946D /* en */ = {isa = PBXFileReference; lastKnownFileType = text.plist.strings; name = en; path = en.lproj/InfoPlist.strings; sourceTree = "<group>"; };
		65EE955818886B2100FE946D /* main.m */ = {isa = PBXFileReference; lastKnownFileType = sourcecode.c.objc; path = main.m; sourceTree = "<group>"; };
		65EE955A18886B2100FE946D /* Formule1-Prefix.pch */ = {isa = PBXFileReference; lastKnownFileType = sourcecode.c.h; path = "Formule1-Prefix.pch"; sourceTree = "<group>"; };
		65EE955B18886B2100FE946D /* F1AppDelegate.h */ = {isa = PBXFileReference; lastKnownFileType = sourcecode.c.h; path = F1AppDelegate.h; sourceTree = "<group>"; };
		65EE955C18886B2100FE946D /* F1AppDelegate.m */ = {isa = PBXFileReference; lastKnownFileType = sourcecode.c.objc; path = F1AppDelegate.m; sourceTree = "<group>"; };
		65EE955F18886B2100FE946D /* Base */ = {isa = PBXFileReference; lastKnownFileType = file.storyboard; name = Base; path = Base.lproj/Main_iPhone.storyboard; sourceTree = "<group>"; };
		65EE956218886B2100FE946D /* Base */ = {isa = PBXFileReference; lastKnownFileType = file.storyboard; name = Base; path = Base.lproj/Main_iPad.storyboard; sourceTree = "<group>"; };
		65EE956418886B2100FE946D /* F1ViewController.h */ = {isa = PBXFileReference; lastKnownFileType = sourcecode.c.h; path = F1ViewController.h; sourceTree = "<group>"; };
		65EE956518886B2100FE946D /* F1ViewController.m */ = {isa = PBXFileReference; lastKnownFileType = sourcecode.c.objc; path = F1ViewController.m; sourceTree = "<group>"; };
		65EE956718886B2100FE946D /* Images.xcassets */ = {isa = PBXFileReference; lastKnownFileType = folder.assetcatalog; path = Images.xcassets; sourceTree = "<group>"; };
		65EE956D18886B2100FE946D /* Formule1Tests.xctest */ = {isa = PBXFileReference; explicitFileType = wrapper.cfbundle; includeInIndex = 0; path = Formule1Tests.xctest; sourceTree = BUILT_PRODUCTS_DIR; };
		65EE956E18886B2100FE946D /* XCTest.framework */ = {isa = PBXFileReference; lastKnownFileType = wrapper.framework; name = XCTest.framework; path = Library/Frameworks/XCTest.framework; sourceTree = DEVELOPER_DIR; };
		65EE957618886B2100FE946D /* Formule1Tests-Info.plist */ = {isa = PBXFileReference; lastKnownFileType = text.plist.xml; path = "Formule1Tests-Info.plist"; sourceTree = "<group>"; };
		65EE957818886B2100FE946D /* en */ = {isa = PBXFileReference; lastKnownFileType = text.plist.strings; name = en; path = en.lproj/InfoPlist.strings; sourceTree = "<group>"; };
		65EE957A18886B2100FE946D /* Formule1Tests.m */ = {isa = PBXFileReference; lastKnownFileType = sourcecode.c.objc; path = Formule1Tests.m; sourceTree = "<group>"; };
		65EE958518886C7F00FE946D /* F1SplacheScreen.h */ = {isa = PBXFileReference; fileEncoding = 4; lastKnownFileType = sourcecode.c.h; path = F1SplacheScreen.h; sourceTree = "<group>"; };
		65EE958618886C7F00FE946D /* F1SplacheScreen.m */ = {isa = PBXFileReference; fileEncoding = 4; lastKnownFileType = sourcecode.c.objc; path = F1SplacheScreen.m; sourceTree = "<group>"; };
		65EE958A1888756600FE946D /* logoF1.jpg */ = {isa = PBXFileReference; lastKnownFileType = image.jpeg; path = logoF1.jpg; sourceTree = "<group>"; };
		65EE958C1889070000FE946D /* F1HomeDashBoardViewController.h */ = {isa = PBXFileReference; fileEncoding = 4; lastKnownFileType = sourcecode.c.h; path = F1HomeDashBoardViewController.h; sourceTree = "<group>"; };
		65EE958D1889070000FE946D /* F1HomeDashBoardViewController.m */ = {isa = PBXFileReference; fileEncoding = 4; lastKnownFileType = sourcecode.c.objc; path = F1HomeDashBoardViewController.m; sourceTree = "<group>"; };
/* End PBXFileReference section */

/* Begin PBXFrameworksBuildPhase section */
		65EE954618886B2100FE946D /* Frameworks */ = {
			isa = PBXFrameworksBuildPhase;
			buildActionMask = 2147483647;
			files = (
				65EE954F18886B2100FE946D /* CoreGraphics.framework in Frameworks */,
				65EE955118886B2100FE946D /* UIKit.framework in Frameworks */,
				65EE954D18886B2100FE946D /* Foundation.framework in Frameworks */,
			);
			runOnlyForDeploymentPostprocessing = 0;
		};
		65EE956A18886B2100FE946D /* Frameworks */ = {
			isa = PBXFrameworksBuildPhase;
			buildActionMask = 2147483647;
			files = (
				65EE956F18886B2100FE946D /* XCTest.framework in Frameworks */,
				65EE957118886B2100FE946D /* UIKit.framework in Frameworks */,
				65EE957018886B2100FE946D /* Foundation.framework in Frameworks */,
			);
			runOnlyForDeploymentPostprocessing = 0;
		};
/* End PBXFrameworksBuildPhase section */

/* Begin PBXGroup section */
		653EC2D8188C282A00634B44 /* Constant */ = {
			isa = PBXGroup;
			children = (
				653EC2D9188C285200634B44 /* F1Constant.h */,
			);
			name = Constant;
			sourceTree = "<group>";
		};
		65EE954018886B2100FE946D = {
			isa = PBXGroup;
			children = (
				65EE955218886B2100FE946D /* Formule1 */,
				65EE957418886B2100FE946D /* Formule1Tests */,
				65EE954B18886B2100FE946D /* Frameworks */,
				65EE954A18886B2100FE946D /* Products */,
			);
			sourceTree = "<group>";
		};
		65EE954A18886B2100FE946D /* Products */ = {
			isa = PBXGroup;
			children = (
				65EE954918886B2100FE946D /* Formule1.app */,
				65EE956D18886B2100FE946D /* Formule1Tests.xctest */,
			);
			name = Products;
			sourceTree = "<group>";
		};
		65EE954B18886B2100FE946D /* Frameworks */ = {
			isa = PBXGroup;
			children = (
				65EE954C18886B2100FE946D /* Foundation.framework */,
				65EE954E18886B2100FE946D /* CoreGraphics.framework */,
				65EE955018886B2100FE946D /* UIKit.framework */,
				65EE956E18886B2100FE946D /* XCTest.framework */,
			);
			name = Frameworks;
			sourceTree = "<group>";
		};
		65EE955218886B2100FE946D /* Formule1 */ = {
			isa = PBXGroup;
			children = (
				653EC2D8188C282A00634B44 /* Constant */,
				65EE95881888753C00FE946D /* ressources */,
				65EE958418886C5400FE946D /* Custom */,
				65EE955B18886B2100FE946D /* F1AppDelegate.h */,
				65EE955C18886B2100FE946D /* F1AppDelegate.m */,
				65EE955E18886B2100FE946D /* Main_iPhone.storyboard */,
				65EE956118886B2100FE946D /* Main_iPad.storyboard */,
				65EE956418886B2100FE946D /* F1ViewController.h */,
				65EE956518886B2100FE946D /* F1ViewController.m */,
				65EE958C1889070000FE946D /* F1HomeDashBoardViewController.h */,
				65EE958D1889070000FE946D /* F1HomeDashBoardViewController.m */,
				65EE956718886B2100FE946D /* Images.xcassets */,
				65EE955318886B2100FE946D /* Supporting Files */,
			);
			path = Formule1;
			sourceTree = "<group>";
		};
		65EE955318886B2100FE946D /* Supporting Files */ = {
			isa = PBXGroup;
			children = (
				65EE955418886B2100FE946D /* Formule1-Info.plist */,
				65EE955518886B2100FE946D /* InfoPlist.strings */,
				65EE955818886B2100FE946D /* main.m */,
				65EE955A18886B2100FE946D /* Formule1-Prefix.pch */,
			);
			name = "Supporting Files";
			sourceTree = "<group>";
		};
		65EE957418886B2100FE946D /* Formule1Tests */ = {
			isa = PBXGroup;
			children = (
				65EE957A18886B2100FE946D /* Formule1Tests.m */,
				65EE957518886B2100FE946D /* Supporting Files */,
			);
			path = Formule1Tests;
			sourceTree = "<group>";
		};
		65EE957518886B2100FE946D /* Supporting Files */ = {
			isa = PBXGroup;
			children = (
				65EE957618886B2100FE946D /* Formule1Tests-Info.plist */,
				65EE957718886B2100FE946D /* InfoPlist.strings */,
			);
			name = "Supporting Files";
			sourceTree = "<group>";
		};
		65EE958418886C5400FE946D /* Custom */ = {
			isa = PBXGroup;
			children = (
				65EE958518886C7F00FE946D /* F1SplacheScreen.h */,
				65EE958618886C7F00FE946D /* F1SplacheScreen.m */,
				653EC2D5188C25EE00634B44 /* F1NavigationController.h */,
				653EC2D6188C25EE00634B44 /* F1NavigationController.m */,
			);
			name = Custom;
			sourceTree = "<group>";
		};
		65EE95881888753C00FE946D /* ressources */ = {
			isa = PBXGroup;
			children = (
				65EE95891888755100FE946D /* img */,
			);
			name = ressources;
			sourceTree = "<group>";
		};
		65EE95891888755100FE946D /* img */ = {
			isa = PBXGroup;
			children = (
				65EE958A1888756600FE946D /* logoF1.jpg */,
			);
			name = img;
			sourceTree = "<group>";
		};
/* End PBXGroup section */

/* Begin PBXNativeTarget section */
		65EE954818886B2100FE946D /* Formule1 */ = {
			isa = PBXNativeTarget;
			buildConfigurationList = 65EE957E18886B2100FE946D /* Build configuration list for PBXNativeTarget "Formule1" */;
			buildPhases = (
				65EE954518886B2100FE946D /* Sources */,
				65EE954618886B2100FE946D /* Frameworks */,
				65EE954718886B2100FE946D /* Resources */,
			);
			buildRules = (
			);
			dependencies = (
			);
			name = Formule1;
			productName = Formule1;
			productReference = 65EE954918886B2100FE946D /* Formule1.app */;
			productType = "com.apple.product-type.application";
		};
		65EE956C18886B2100FE946D /* Formule1Tests */ = {
			isa = PBXNativeTarget;
			buildConfigurationList = 65EE958118886B2100FE946D /* Build configuration list for PBXNativeTarget "Formule1Tests" */;
			buildPhases = (
				65EE956918886B2100FE946D /* Sources */,
				65EE956A18886B2100FE946D /* Frameworks */,
				65EE956B18886B2100FE946D /* Resources */,
			);
			buildRules = (
			);
			dependencies = (
				65EE957318886B2100FE946D /* PBXTargetDependency */,
			);
			name = Formule1Tests;
			productName = Formule1Tests;
			productReference = 65EE956D18886B2100FE946D /* Formule1Tests.xctest */;
			productType = "com.apple.product-type.bundle.unit-test";
		};
/* End PBXNativeTarget section */

/* Begin PBXProject section */
		65EE954118886B2100FE946D /* Project object */ = {
			isa = PBXProject;
			attributes = {
				CLASSPREFIX = F1;
				LastUpgradeCheck = 0500;
				ORGANIZATIONNAME = richardeddy;
				TargetAttributes = {
					65EE956C18886B2100FE946D = {
						TestTargetID = 65EE954818886B2100FE946D;
					};
				};
			};
			buildConfigurationList = 65EE954418886B2100FE946D /* Build configuration list for PBXProject "Formule1" */;
			compatibilityVersion = "Xcode 3.2";
			developmentRegion = English;
			hasScannedForEncodings = 0;
			knownRegions = (
				en,
				Base,
			);
			mainGroup = 65EE954018886B2100FE946D;
			productRefGroup = 65EE954A18886B2100FE946D /* Products */;
			projectDirPath = "";
			projectRoot = "";
			targets = (
				65EE954818886B2100FE946D /* Formule1 */,
				65EE956C18886B2100FE946D /* Formule1Tests */,
			);
		};
/* End PBXProject section */

/* Begin PBXResourcesBuildPhase section */
		65EE954718886B2100FE946D /* Resources */ = {
			isa = PBXResourcesBuildPhase;
			buildActionMask = 2147483647;
			files = (
				65EE956318886B2100FE946D /* Main_iPad.storyboard in Resources */,
				65EE956818886B2100FE946D /* Images.xcassets in Resources */,
				65EE958B1888756600FE946D /* logoF1.jpg in Resources */,
				65EE956018886B2100FE946D /* Main_iPhone.storyboard in Resources */,
				65EE955718886B2100FE946D /* InfoPlist.strings in Resources */,
			);
			runOnlyForDeploymentPostprocessing = 0;
		};
		65EE956B18886B2100FE946D /* Resources */ = {
			isa = PBXResourcesBuildPhase;
			buildActionMask = 2147483647;
			files = (
				65EE957918886B2100FE946D /* InfoPlist.strings in Resources */,
			);
			runOnlyForDeploymentPostprocessing = 0;
		};
/* End PBXResourcesBuildPhase section */

/* Begin PBXSourcesBuildPhase section */
		65EE954518886B2100FE946D /* Sources */ = {
			isa = PBXSourcesBuildPhase;
			buildActionMask = 2147483647;
			files = (
				65EE956618886B2100FE946D /* F1ViewController.m in Sources */,
				65EE955918886B2100FE946D /* main.m in Sources */,
				65EE958E1889070000FE946D /* F1HomeDashBoardViewController.m in Sources */,
				65EE955D18886B2100FE946D /* F1AppDelegate.m in Sources */,
				653EC2D7188C25EE00634B44 /* F1NavigationController.m in Sources */,
				65EE958718886C7F00FE946D /* F1SplacheScreen.m in Sources */,
			);
			runOnlyForDeploymentPostprocessing = 0;
		};
		65EE956918886B2100FE946D /* Sources */ = {
			isa = PBXSourcesBuildPhase;
			buildActionMask = 2147483647;
			files = (
				65EE957B18886B2100FE946D /* Formule1Tests.m in Sources */,
			);
			runOnlyForDeploymentPostprocessing = 0;
		};
/* End PBXSourcesBuildPhase section */

/* Begin PBXTargetDependency section */
		65EE957318886B2100FE946D /* PBXTargetDependency */ = {
			isa = PBXTargetDependency;
			target = 65EE954818886B2100FE946D /* Formule1 */;
			targetProxy = 65EE957218886B2100FE946D /* PBXContainerItemProxy */;
		};
/* End PBXTargetDependency section */

/* Begin PBXVariantGroup section */
		65EE955518886B2100FE946D /* InfoPlist.strings */ = {
			isa = PBXVariantGroup;
			children = (
				65EE955618886B2100FE946D /* en */,
			);
			name = InfoPlist.strings;
			sourceTree = "<group>";
		};
		65EE955E18886B2100FE946D /* Main_iPhone.storyboard */ = {
			isa = PBXVariantGroup;
			children = (
				65EE955F18886B2100FE946D /* Base */,
			);
			name = Main_iPhone.storyboard;
			sourceTree = "<group>";
		};
		65EE956118886B2100FE946D /* Main_iPad.storyboard */ = {
			isa = PBXVariantGroup;
			children = (
				65EE956218886B2100FE946D /* Base */,
			);
			name = Main_iPad.storyboard;
			sourceTree = "<group>";
		};
		65EE957718886B2100FE946D /* InfoPlist.strings */ = {
			isa = PBXVariantGroup;
			children = (
				65EE957818886B2100FE946D /* en */,
			);
			name = InfoPlist.strings;
			sourceTree = "<group>";
		};
/* End PBXVariantGroup section */

/* Begin XCBuildConfiguration section */
		65EE957C18886B2100FE946D /* Debug */ = {
			isa = XCBuildConfiguration;
			buildSettings = {
				ALWAYS_SEARCH_USER_PATHS = NO;
				ARCHS = "$(ARCHS_STANDARD_INCLUDING_64_BIT)";
				CLANG_CXX_LANGUAGE_STANDARD = "gnu++0x";
				CLANG_CXX_LIBRARY = "libc++";
				CLANG_ENABLE_MODULES = YES;
				CLANG_ENABLE_OBJC_ARC = YES;
				CLANG_WARN_BOOL_CONVERSION = YES;
				CLANG_WARN_CONSTANT_CONVERSION = YES;
				CLANG_WARN_DIRECT_OBJC_ISA_USAGE = YES_ERROR;
				CLANG_WARN_EMPTY_BODY = YES;
				CLANG_WARN_ENUM_CONVERSION = YES;
				CLANG_WARN_INT_CONVERSION = YES;
				CLANG_WARN_OBJC_ROOT_CLASS = YES_ERROR;
				CLANG_WARN__DUPLICATE_METHOD_MATCH = YES;
				"CODE_SIGN_IDENTITY[sdk=iphoneos*]" = "iPhone Developer";
				COPY_PHASE_STRIP = NO;
				GCC_C_LANGUAGE_STANDARD = gnu99;
				GCC_DYNAMIC_NO_PIC = NO;
				GCC_OPTIMIZATION_LEVEL = 0;
				GCC_PREPROCESSOR_DEFINITIONS = (
					"DEBUG=1",
					"$(inherited)",
				);
				GCC_SYMBOLS_PRIVATE_EXTERN = NO;
				GCC_WARN_64_TO_32_BIT_CONVERSION = YES;
				GCC_WARN_ABOUT_RETURN_TYPE = YES_ERROR;
				GCC_WARN_UNDECLARED_SELECTOR = YES;
				GCC_WARN_UNINITIALIZED_AUTOS = YES;
				GCC_WARN_UNUSED_FUNCTION = YES;
				GCC_WARN_UNUSED_VARIABLE = YES;
				IPHONEOS_DEPLOYMENT_TARGET = 7.0;
				ONLY_ACTIVE_ARCH = YES;
				SDKROOT = iphoneos;
				TARGETED_DEVICE_FAMILY = "1,2";
			};
			name = Debug;
		};
		65EE957D18886B2100FE946D /* Release */ = {
			isa = XCBuildConfiguration;
			buildSettings = {
				ALWAYS_SEARCH_USER_PATHS = NO;
				ARCHS = "$(ARCHS_STANDARD_INCLUDING_64_BIT)";
				CLANG_CXX_LANGUAGE_STANDARD = "gnu++0x";
				CLANG_CXX_LIBRARY = "libc++";
				CLANG_ENABLE_MODULES = YES;
				CLANG_ENABLE_OBJC_ARC = YES;
				CLANG_WARN_BOOL_CONVERSION = YES;
				CLANG_WARN_CONSTANT_CONVERSION = YES;
				CLANG_WARN_DIRECT_OBJC_ISA_USAGE = YES_ERROR;
				CLANG_WARN_EMPTY_BODY = YES;
				CLANG_WARN_ENUM_CONVERSION = YES;
				CLANG_WARN_INT_CONVERSION = YES;
				CLANG_WARN_OBJC_ROOT_CLASS = YES_ERROR;
				CLANG_WARN__DUPLICATE_METHOD_MATCH = YES;
				"CODE_SIGN_IDENTITY[sdk=iphoneos*]" = "iPhone Developer";
				COPY_PHASE_STRIP = YES;
				ENABLE_NS_ASSERTIONS = NO;
				GCC_C_LANGUAGE_STANDARD = gnu99;
				GCC_WARN_64_TO_32_BIT_CONVERSION = YES;
				GCC_WARN_ABOUT_RETURN_TYPE = YES_ERROR;
				GCC_WARN_UNDECLARED_SELECTOR = YES;
				GCC_WARN_UNINITIALIZED_AUTOS = YES;
				GCC_WARN_UNUSED_FUNCTION = YES;
				GCC_WARN_UNUSED_VARIABLE = YES;
				IPHONEOS_DEPLOYMENT_TARGET = 7.0;
				SDKROOT = iphoneos;
				TARGETED_DEVICE_FAMILY = "1,2";
				VALIDATE_PRODUCT = YES;
			};
			name = Release;
		};
		65EE957F18886B2100FE946D /* Debug */ = {
			isa = XCBuildConfiguration;
			buildSettings = {
				ASSETCATALOG_COMPILER_APPICON_NAME = AppIcon;
				ASSETCATALOG_COMPILER_LAUNCHIMAGE_NAME = LaunchImage;
				GCC_PRECOMPILE_PREFIX_HEADER = YES;
				GCC_PREFIX_HEADER = "Formule1/Formule1-Prefix.pch";
				INFOPLIST_FILE = "Formule1/Formule1-Info.plist";
				PRODUCT_NAME = "$(TARGET_NAME)";
				WRAPPER_EXTENSION = app;
			};
			name = Debug;
		};
		65EE958018886B2100FE946D /* Release */ = {
			isa = XCBuildConfiguration;
			buildSettings = {
				ASSETCATALOG_COMPILER_APPICON_NAME = AppIcon;
				ASSETCATALOG_COMPILER_LAUNCHIMAGE_NAME = LaunchImage;
				GCC_PRECOMPILE_PREFIX_HEADER = YES;
				GCC_PREFIX_HEADER = "Formule1/Formule1-Prefix.pch";
				INFOPLIST_FILE = "Formule1/Formule1-Info.plist";
				PRODUCT_NAME = "$(TARGET_NAME)";
				WRAPPER_EXTENSION = app;
			};
			name = Release;
		};
		65EE958218886B2100FE946D /* Debug */ = {
			isa = XCBuildConfiguration;
			buildSettings = {
				ARCHS = "$(ARCHS_STANDARD_INCLUDING_64_BIT)";
				BUNDLE_LOADER = "$(BUILT_PRODUCTS_DIR)/Formule1.app/Formule1";
				FRAMEWORK_SEARCH_PATHS = (
					"$(SDKROOT)/Developer/Library/Frameworks",
					"$(inherited)",
					"$(DEVELOPER_FRAMEWORKS_DIR)",
				);
				GCC_PRECOMPILE_PREFIX_HEADER = YES;
				GCC_PREFIX_HEADER = "Formule1/Formule1-Prefix.pch";
				GCC_PREPROCESSOR_DEFINITIONS = (
					"DEBUG=1",
					"$(inherited)",
				);
				INFOPLIST_FILE = "Formule1Tests/Formule1Tests-Info.plist";
				PRODUCT_NAME = "$(TARGET_NAME)";
				TEST_HOST = "$(BUNDLE_LOADER)";
				WRAPPER_EXTENSION = xctest;
			};
			name = Debug;
		};
		65EE958318886B2100FE946D /* Release */ = {
			isa = XCBuildConfiguration;
			buildSettings = {
				ARCHS = "$(ARCHS_STANDARD_INCLUDING_64_BIT)";
				BUNDLE_LOADER = "$(BUILT_PRODUCTS_DIR)/Formule1.app/Formule1";
				FRAMEWORK_SEARCH_PATHS = (
					"$(SDKROOT)/Developer/Library/Frameworks",
					"$(inherited)",
					"$(DEVELOPER_FRAMEWORKS_DIR)",
				);
				GCC_PRECOMPILE_PREFIX_HEADER = YES;
				GCC_PREFIX_HEADER = "Formule1/Formule1-Prefix.pch";
				INFOPLIST_FILE = "Formule1Tests/Formule1Tests-Info.plist";
				PRODUCT_NAME = "$(TARGET_NAME)";
				TEST_HOST = "$(BUNDLE_LOADER)";
				WRAPPER_EXTENSION = xctest;
			};
			name = Release;
		};
/* End XCBuildConfiguration section */

/* Begin XCConfigurationList section */
		65EE954418886B2100FE946D /* Build configuration list for PBXProject "Formule1" */ = {
			isa = XCConfigurationList;
			buildConfigurations = (
				65EE957C18886B2100FE946D /* Debug */,
				65EE957D18886B2100FE946D /* Release */,
			);
			defaultConfigurationIsVisible = 0;
			defaultConfigurationName = Release;
		};
		65EE957E18886B2100FE946D /* Build configuration list for PBXNativeTarget "Formule1" */ = {
			isa = XCConfigurationList;
			buildConfigurations = (
				65EE957F18886B2100FE946D /* Debug */,
				65EE958018886B2100FE946D /* Release */,
			);
			defaultConfigurationIsVisible = 0;
			defaultConfigurationName = Release;
		};
		65EE958118886B2100FE946D /* Build configuration list for PBXNativeTarget "Formule1Tests" */ = {
			isa = XCConfigurationList;
			buildConfigurations = (
				65EE958218886B2100FE946D /* Debug */,
				65EE958318886B2100FE946D /* Release */,
			);
			defaultConfigurationIsVisible = 0;
			defaultConfigurationName = Release;
		};
/* End XCConfigurationList section */
	};
	rootObject = 65EE954118886B2100FE946D /* Project object */;
}
